
Microsoft Visual Studio Solution File, Format Version 12.00
# Visual Studio 15
VisualStudioVersion = 15.0.27004.2006
MinimumVisualStudioVersion = 10.0.40219.1
Project("{FAE04EC0-301F-11D3-BF4B-00C04F79EFBC}") = "BubbleSort", "BubbleSort\BubbleSort.csproj", "{69C919FD-11F1-437D-A855-C8686AA0A88A}"
EndProject
Global
	GlobalSection(SolutionConfigurationPlatforms) = preSolution
		Debug|Any CPU = Debug|Any CPU
		Release|Any CPU = Release|Any CPU
	EndGlobalSection
	GlobalSection(ProjectConfigurationPlatforms) = postSolution
		{69C919FD-11F1-437D-A855-C8686AA0A88A}.Debug|Any CPU.ActiveCfg = Debug|Any CPU
		{69C919FD-11F1-437D-A855-C8686AA0A88A}.Debug|Any CPU.Build.0 = Debug|Any CPU
		{69C919FD-11F1-437D-A855-C8686AA0A88A}.Release|Any CPU.ActiveCfg = Release|Any CPU
		{69C919FD-11F1-437D-A855-C8686AA0A88A}.Release|Any CPU.Build.0 = Release|Any CPU
	EndGlobalSection
	GlobalSection(SolutionProperties) = preSolution
		HideSolutionNode = FALSE
	EndGlobalSection
	GlobalSection(ExtensibilityGlobals) = postSolution
		SolutionGuid = {58F6408E-9D90-40FF-ADF8-3B74BE05FA59}
	EndGlobalSection
EndGlobal
