
Microsoft Visual Studio Solution File, Format Version 12.00
# Visual Studio 15
VisualStudioVersion = 15.0.27703.2035
MinimumVisualStudioVersion = 10.0.40219.1
Project("{FAE04EC0-301F-11D3-BF4B-00C04F79EFBC}") = "TwoStrings", "TwoStrings\TwoStrings.csproj", "{212EFA80-485C-4150-8B88-606C4FBB0ECA}"
EndProject
Global
	GlobalSection(SolutionConfigurationPlatforms) = preSolution
		Debug|Any CPU = Debug|Any CPU
		Release|Any CPU = Release|Any CPU
	EndGlobalSection
	GlobalSection(ProjectConfigurationPlatforms) = postSolution
		{212EFA80-485C-4150-8B88-606C4FBB0ECA}.Debug|Any CPU.ActiveCfg = Debug|Any CPU
		{212EFA80-485C-4150-8B88-606C4FBB0ECA}.Debug|Any CPU.Build.0 = Debug|Any CPU
		{212EFA80-485C-4150-8B88-606C4FBB0ECA}.Release|Any CPU.ActiveCfg = Release|Any CPU
		{212EFA80-485C-4150-8B88-606C4FBB0ECA}.Release|Any CPU.Build.0 = Release|Any CPU
	EndGlobalSection
	GlobalSection(SolutionProperties) = preSolution
		HideSolutionNode = FALSE
	EndGlobalSection
	GlobalSection(ExtensibilityGlobals) = postSolution
		SolutionGuid = {007177E5-15FE-4622-B780-2775A0575289}
	EndGlobalSection
EndGlobal
