
Microsoft Visual Studio Solution File, Format Version 12.00
# Visual Studio 15
VisualStudioVersion = 15.0.27703.2035
MinimumVisualStudioVersion = 10.0.40219.1
Project("{FAE04EC0-301F-11D3-BF4B-00C04F79EFBC}") = "BalancedBrackets", "BalancedBrackets\BalancedBrackets.csproj", "{5ECB6BCD-3046-4A9E-A651-15EA797F800A}"
EndProject
Global
	GlobalSection(SolutionConfigurationPlatforms) = preSolution
		Debug|Any CPU = Debug|Any CPU
		Release|Any CPU = Release|Any CPU
	EndGlobalSection
	GlobalSection(ProjectConfigurationPlatforms) = postSolution
		{5ECB6BCD-3046-4A9E-A651-15EA797F800A}.Debug|Any CPU.ActiveCfg = Debug|Any CPU
		{5ECB6BCD-3046-4A9E-A651-15EA797F800A}.Debug|Any CPU.Build.0 = Debug|Any CPU
		{5ECB6BCD-3046-4A9E-A651-15EA797F800A}.Release|Any CPU.ActiveCfg = Release|Any CPU
		{5ECB6BCD-3046-4A9E-A651-15EA797F800A}.Release|Any CPU.Build.0 = Release|Any CPU
	EndGlobalSection
	GlobalSection(SolutionProperties) = preSolution
		HideSolutionNode = FALSE
	EndGlobalSection
	GlobalSection(ExtensibilityGlobals) = postSolution
		SolutionGuid = {C1CA1BF5-0BA1-439A-B72E-69D63B336946}
	EndGlobalSection
EndGlobal
